
Microsoft Visual Studio Solution File, Format Version 12.00
# Visual Studio Version 17
VisualStudioVersion = 17.10.35013.160
MinimumVisualStudioVersion = 10.0.40219.1
Project("{FAE04EC0-301F-11D3-BF4B-00C04F79EFBC}") = "FirstAPI", "FirstAPI\FirstAPI.csproj", "{0F9A41B8-A54C-4F73-B207-D7FD7ED578FC}"
EndProject
Global
	GlobalSection(SolutionConfigurationPlatforms) = preSolution
		Debug|Any CPU = Debug|Any CPU
		Release|Any CPU = Release|Any CPU
	EndGlobalSection
	GlobalSection(ProjectConfigurationPlatforms) = postSolution
		{0F9A41B8-A54C-4F73-B207-D7FD7ED578FC}.Debug|Any CPU.ActiveCfg = Debug|Any CPU
		{0F9A41B8-A54C-4F73-B207-D7FD7ED578FC}.Debug|Any CPU.Build.0 = Debug|Any CPU
		{0F9A41B8-A54C-4F73-B207-D7FD7ED578FC}.Release|Any CPU.ActiveCfg = Release|Any CPU
		{0F9A41B8-A54C-4F73-B207-D7FD7ED578FC}.Release|Any CPU.Build.0 = Release|Any CPU
	EndGlobalSection
	GlobalSection(SolutionProperties) = preSolution
		HideSolutionNode = FALSE
	EndGlobalSection
	GlobalSection(ExtensibilityGlobals) = postSolution
		SolutionGuid = {5D01EDC4-82EB-4E70-8119-E521E6E8403E}
	EndGlobalSection
EndGlobal
