
Microsoft Visual Studio Solution File, Format Version 12.00
# Visual Studio Version 17
VisualStudioVersion = 17.10.34928.147
MinimumVisualStudioVersion = 10.0.40219.1
Project("{FAE04EC0-301F-11D3-BF4B-00C04F79EFBC}") = "ConsoleApp3", "ConsoleApp3\ConsoleApp3.csproj", "{35A04A4E-A073-40DC-A36D-161747AB4903}"
EndProject
Global
	GlobalSection(SolutionConfigurationPlatforms) = preSolution
		Debug|Any CPU = Debug|Any CPU
		Release|Any CPU = Release|Any CPU
	EndGlobalSection
	GlobalSection(ProjectConfigurationPlatforms) = postSolution
		{35A04A4E-A073-40DC-A36D-161747AB4903}.Debug|Any CPU.ActiveCfg = Debug|Any CPU
		{35A04A4E-A073-40DC-A36D-161747AB4903}.Debug|Any CPU.Build.0 = Debug|Any CPU
		{35A04A4E-A073-40DC-A36D-161747AB4903}.Release|Any CPU.ActiveCfg = Release|Any CPU
		{35A04A4E-A073-40DC-A36D-161747AB4903}.Release|Any CPU.Build.0 = Release|Any CPU
	EndGlobalSection
	GlobalSection(SolutionProperties) = preSolution
		HideSolutionNode = FALSE
	EndGlobalSection
	GlobalSection(ExtensibilityGlobals) = postSolution
		SolutionGuid = {EC2E0A41-2630-4555-8901-34266A6B1997}
	EndGlobalSection
EndGlobal
