
Microsoft Visual Studio Solution File, Format Version 12.00
# Visual Studio Version 17
VisualStudioVersion = 17.10.34928.147
MinimumVisualStudioVersion = 10.0.40219.1
Project("{9A19103F-16F7-4668-BE54-9A1E7A4F7556}") = "ConsoleApp1", "ConsoleApp1\ConsoleApp1.csproj", "{5DD62F97-C896-41FA-A9D2-3D92261F92A7}"
	ProjectSection(ProjectDependencies) = postProject
		{7A23F6AC-8610-41AE-B5E5-461E59D10CA9} = {7A23F6AC-8610-41AE-B5E5-461E59D10CA9}
	EndProjectSection
EndProject
Project("{FAE04EC0-301F-11D3-BF4B-00C04F79EFBC}") = "Models", "Models\Models.csproj", "{851DA7D4-D28A-4311-B494-B7EE756381F3}"
EndProject
Project("{FAE04EC0-301F-11D3-BF4B-00C04F79EFBC}") = "Tools", "Tools\Tools.csproj", "{7A23F6AC-8610-41AE-B5E5-461E59D10CA9}"
EndProject
Project("{FAE04EC0-301F-11D3-BF4B-00C04F79EFBC}") = "Interfaces", "Interfaces\Interfaces.csproj", "{7D87041A-27AD-4B84-BE07-908FE03C7C75}"
EndProject
Global
	GlobalSection(SolutionConfigurationPlatforms) = preSolution
		Debug|Any CPU = Debug|Any CPU
		Release|Any CPU = Release|Any CPU
	EndGlobalSection
	GlobalSection(ProjectConfigurationPlatforms) = postSolution
		{5DD62F97-C896-41FA-A9D2-3D92261F92A7}.Debug|Any CPU.ActiveCfg = Debug|Any CPU
		{5DD62F97-C896-41FA-A9D2-3D92261F92A7}.Debug|Any CPU.Build.0 = Debug|Any CPU
		{5DD62F97-C896-41FA-A9D2-3D92261F92A7}.Release|Any CPU.ActiveCfg = Release|Any CPU
		{5DD62F97-C896-41FA-A9D2-3D92261F92A7}.Release|Any CPU.Build.0 = Release|Any CPU
		{851DA7D4-D28A-4311-B494-B7EE756381F3}.Debug|Any CPU.ActiveCfg = Debug|Any CPU
		{851DA7D4-D28A-4311-B494-B7EE756381F3}.Debug|Any CPU.Build.0 = Debug|Any CPU
		{851DA7D4-D28A-4311-B494-B7EE756381F3}.Release|Any CPU.ActiveCfg = Release|Any CPU
		{851DA7D4-D28A-4311-B494-B7EE756381F3}.Release|Any CPU.Build.0 = Release|Any CPU
		{7A23F6AC-8610-41AE-B5E5-461E59D10CA9}.Debug|Any CPU.ActiveCfg = Debug|Any CPU
		{7A23F6AC-8610-41AE-B5E5-461E59D10CA9}.Debug|Any CPU.Build.0 = Debug|Any CPU
		{7A23F6AC-8610-41AE-B5E5-461E59D10CA9}.Release|Any CPU.ActiveCfg = Release|Any CPU
		{7A23F6AC-8610-41AE-B5E5-461E59D10CA9}.Release|Any CPU.Build.0 = Release|Any CPU
		{7D87041A-27AD-4B84-BE07-908FE03C7C75}.Debug|Any CPU.ActiveCfg = Debug|Any CPU
		{7D87041A-27AD-4B84-BE07-908FE03C7C75}.Debug|Any CPU.Build.0 = Debug|Any CPU
		{7D87041A-27AD-4B84-BE07-908FE03C7C75}.Release|Any CPU.ActiveCfg = Release|Any CPU
		{7D87041A-27AD-4B84-BE07-908FE03C7C75}.Release|Any CPU.Build.0 = Release|Any CPU
	EndGlobalSection
	GlobalSection(SolutionProperties) = preSolution
		HideSolutionNode = FALSE
	EndGlobalSection
	GlobalSection(ExtensibilityGlobals) = postSolution
		SolutionGuid = {49A8C45F-9107-4F9C-9600-CD019F62E951}
	EndGlobalSection
EndGlobal
