
Microsoft Visual Studio Solution File, Format Version 12.00
# Visual Studio Version 17
VisualStudioVersion = 17.10.34916.146
MinimumVisualStudioVersion = 10.0.40219.1
Project("{9A19103F-16F7-4668-BE54-9A1E7A4F7556}") = "PooExo1", "PooExo2\PooExo1.csproj", "{EF8620C5-4A91-4D95-A443-ED1099F2D0ED}"
EndProject
Global
	GlobalSection(SolutionConfigurationPlatforms) = preSolution
		Debug|Any CPU = Debug|Any CPU
		Release|Any CPU = Release|Any CPU
	EndGlobalSection
	GlobalSection(ProjectConfigurationPlatforms) = postSolution
		{EF8620C5-4A91-4D95-A443-ED1099F2D0ED}.Debug|Any CPU.ActiveCfg = Debug|Any CPU
		{EF8620C5-4A91-4D95-A443-ED1099F2D0ED}.Debug|Any CPU.Build.0 = Debug|Any CPU
		{EF8620C5-4A91-4D95-A443-ED1099F2D0ED}.Release|Any CPU.ActiveCfg = Release|Any CPU
		{EF8620C5-4A91-4D95-A443-ED1099F2D0ED}.Release|Any CPU.Build.0 = Release|Any CPU
	EndGlobalSection
	GlobalSection(SolutionProperties) = preSolution
		HideSolutionNode = FALSE
	EndGlobalSection
	GlobalSection(ExtensibilityGlobals) = postSolution
		SolutionGuid = {F922D149-42A1-4176-8E15-A8EB4E1159FA}
	EndGlobalSection
EndGlobal
